// !$*UTF8*$!
{
	archiveVersion = 1;
	classes = {
	};
	objectVersion = 46;
	objects = {

/* Begin PBXBuildFile section */
		4D4C16DA1509FB8000853CC2 /* PlayerDetailsViewController.m in Sources */ = {isa = PBXBuildFile; fileRef = 4D4C16D91509FB8000853CC2 /* PlayerDetailsViewController.m */; };
		4D960F111509D0F100E7D730 /* UIKit.framework in Frameworks */ = {isa = PBXBuildFile; fileRef = 4D960F101509D0F100E7D730 /* UIKit.framework */; };
		4D960F131509D0F100E7D730 /* Foundation.framework in Frameworks */ = {isa = PBXBuildFile; fileRef = 4D960F121509D0F100E7D730 /* Foundation.framework */; };
		4D960F151509D0F100E7D730 /* CoreGraphics.framework in Frameworks */ = {isa = PBXBuildFile; fileRef = 4D960F141509D0F100E7D730 /* CoreGraphics.framework */; };
		4D960F1B1509D0F100E7D730 /* InfoPlist.strings in Resources */ = {isa = PBXBuildFile; fileRef = 4D960F191509D0F100E7D730 /* InfoPlist.strings */; };
		4D960F1D1509D0F100E7D730 /* main.m in Sources */ = {isa = PBXBuildFile; fileRef = 4D960F1C1509D0F100E7D730 /* main.m */; };
		4D960F211509D0F100E7D730 /* AppDelegate.m in Sources */ = {isa = PBXBuildFile; fileRef = 4D960F201509D0F100E7D730 /* AppDelegate.m */; };
		4D960F241509D0F100E7D730 /* MainStoryboard.storyboard in Resources */ = {isa = PBXBuildFile; fileRef = 4D960F221509D0F100E7D730 /* MainStoryboard.storyboard */; };
		4D960F271509D0F100E7D730 /* ViewController.m in Sources */ = {isa = PBXBuildFile; fileRef = 4D960F261509D0F100E7D730 /* ViewController.m */; };
		4D960F321509D1A100E7D730 /* Player.m in Sources */ = {isa = PBXBuildFile; fileRef = 4D960F311509D1A100E7D730 /* Player.m */; };
		4D960F351509D1B200E7D730 /* PlayersViewController.m in Sources */ = {isa = PBXBuildFile; fileRef = 4D960F341509D1B200E7D730 /* PlayersViewController.m */; };
		4D960F531509DB4C00E7D730 /* 131-tower.png in Resources */ = {isa = PBXBuildFile; fileRef = 4D960F361509DB4300E7D730 /* 131-tower.png */; };
		4D960F541509DB4C00E7D730 /* 132-ghost.png in Resources */ = {isa = PBXBuildFile; fileRef = 4D960F371509DB4400E7D730 /* 132-ghost.png */; };
		4D960F551509DB4C00E7D730 /* 133-ufo.png in Resources */ = {isa = PBXBuildFile; fileRef = 4D960F381509DB4400E7D730 /* 133-ufo.png */; };
		4D960F561509DB4C00E7D730 /* 134-viking.png in Resources */ = {isa = PBXBuildFile; fileRef = 4D960F391509DB4400E7D730 /* 134-viking.png */; };
		4D960F571509DB4C00E7D730 /* 135-hockeymask.png in Resources */ = {isa = PBXBuildFile; fileRef = 4D960F3A1509DB4500E7D730 /* 135-hockeymask.png */; };
		4D960F581509DB4C00E7D730 /* 5Stars.png in Resources */ = {isa = PBXBuildFile; fileRef = 4D960F3B1509DB4500E7D730 /* 5Stars.png */; };
		4D960F591509DB4C00E7D730 /* 5Stars@2x.png in Resources */ = {isa = PBXBuildFile; fileRef = 4D960F3C1509DB4500E7D730 /* 5Stars@2x.png */; };
		4D960F5A1509DB4C00E7D730 /* 5StarsSmall.png in Resources */ = {isa = PBXBuildFile; fileRef = 4D960F3D1509DB4500E7D730 /* 5StarsSmall.png */; };
		4D960F5B1509DB4C00E7D730 /* 5StarsSmall@2x.png in Resources */ = {isa = PBXBuildFile; fileRef = 4D960F3E1509DB4600E7D730 /* 5StarsSmall@2x.png */; };
		4D960F5C1509DB4C00E7D730 /* Gestures.png in Resources */ = {isa = PBXBuildFile; fileRef = 4D960F3F1509DB4600E7D730 /* Gestures.png */; };
		4D960F5D1509DB4C00E7D730 /* Gestures@2x.png in Resources */ = {isa = PBXBuildFile; fileRef = 4D960F401509DB4600E7D730 /* Gestures@2x.png */; };
		4D960F5E1509DB4C00E7D730 /* Players.png in Resources */ = {isa = PBXBuildFile; fileRef = 4D960F411509DB4600E7D730 /* Players.png */; };
		4D960F5F1509DB4C00E7D730 /* Players@2x.png in Resources */ = {isa = PBXBuildFile; fileRef = 4D960F421509DB4700E7D730 /* Players@2x.png */; };
		4D960F601509DB4C00E7D730 /* 1Star.png in Resources */ = {isa = PBXBuildFile; fileRef = 4D960F431509DB4700E7D730 /* 1Star.png */; };
		4D960F611509DB4C00E7D730 /* 1Star@2x.png in Resources */ = {isa = PBXBuildFile; fileRef = 4D960F441509DB4700E7D730 /* 1Star@2x.png */; };
		4D960F621509DB4C00E7D730 /* 1StarSmall.png in Resources */ = {isa = PBXBuildFile; fileRef = 4D960F451509DB4900E7D730 /* 1StarSmall.png */; };
		4D960F631509DB4C00E7D730 /* 1StarSmall@2x.png in Resources */ = {isa = PBXBuildFile; fileRef = 4D960F461509DB4900E7D730 /* 1StarSmall@2x.png */; };
		4D960F641509DB4C00E7D730 /* 2Stars.png in Resources */ = {isa = PBXBuildFile; fileRef = 4D960F471509DB4A00E7D730 /* 2Stars.png */; };
		4D960F651509DB4C00E7D730 /* 2Stars@2x.png in Resources */ = {isa = PBXBuildFile; fileRef = 4D960F481509DB4A00E7D730 /* 2Stars@2x.png */; };
		4D960F661509DB4C00E7D730 /* 2StarsSmall.png in Resources */ = {isa = PBXBuildFile; fileRef = 4D960F491509DB4B00E7D730 /* 2StarsSmall.png */; };
		4D960F671509DB4C00E7D730 /* 2StarsSmall@2x.png in Resources */ = {isa = PBXBuildFile; fileRef = 4D960F4A1509DB4B00E7D730 /* 2StarsSmall@2x.png */; };
		4D960F681509DB4C00E7D730 /* 3Stars.png in Resources */ = {isa = PBXBuildFile; fileRef = 4D960F4B1509DB4B00E7D730 /* 3Stars.png */; };
		4D960F691509DB4C00E7D730 /* 3Stars@2x.png in Resources */ = {isa = PBXBuildFile; fileRef = 4D960F4C1509DB4B00E7D730 /* 3Stars@2x.png */; };
		4D960F6A1509DB4C00E7D730 /* 3StarsSmall.png in Resources */ = {isa = PBXBuildFile; fileRef = 4D960F4D1509DB4B00E7D730 /* 3StarsSmall.png */; };
		4D960F6B1509DB4C00E7D730 /* 3StarsSmall@2x.png in Resources */ = {isa = PBXBuildFile; fileRef = 4D960F4E1509DB4B00E7D730 /* 3StarsSmall@2x.png */; };
		4D960F6C1509DB4C00E7D730 /* 4Stars.png in Resources */ = {isa = PBXBuildFile; fileRef = 4D960F4F1509DB4C00E7D730 /* 4Stars.png */; };
		4D960F6D1509DB4C00E7D730 /* 4Stars@2x.png in Resources */ = {isa = PBXBuildFile; fileRef = 4D960F501509DB4C00E7D730 /* 4Stars@2x.png */; };
		4D960F6E1509DB4C00E7D730 /* 4StarsSmall.png in Resources */ = {isa = PBXBuildFile; fileRef = 4D960F511509DB4C00E7D730 /* 4StarsSmall.png */; };
		4D960F6F1509DB4C00E7D730 /* 4StarsSmall@2x.png in Resources */ = {isa = PBXBuildFile; fileRef = 4D960F521509DB4C00E7D730 /* 4StarsSmall@2x.png */; };
		4D960F7E1509E37900E7D730 /* PlayerCell.m in Sources */ = {isa = PBXBuildFile; fileRef = 4D960F7D1509E37900E7D730 /* PlayerCell.m */; };
		4DB5EC76150DDE4C0088DA9F /* GamePickerViewController.m in Sources */ = {isa = PBXBuildFile; fileRef = 4DB5EC75150DDE4C0088DA9F /* GamePickerViewController.m */; };
/* End PBXBuildFile section */

/* Begin PBXFileReference section */
		4D4C16D81509FB8000853CC2 /* PlayerDetailsViewController.h */ = {isa = PBXFileReference; fileEncoding = 4; lastKnownFileType = sourcecode.c.h; path = PlayerDetailsViewController.h; sourceTree = "<group>"; };
		4D4C16D91509FB8000853CC2 /* PlayerDetailsViewController.m */ = {isa = PBXFileReference; fileEncoding = 4; lastKnownFileType = sourcecode.c.objc; path = PlayerDetailsViewController.m; sourceTree = "<group>"; };
		4D960F0C1509D0F100E7D730 /* Multi-Nav(Rating)-2.app */ = {isa = PBXFileReference; explicitFileType = wrapper.application; includeInIndex = 0; path = "Multi-Nav(Rating)-2.app"; sourceTree = BUILT_PRODUCTS_DIR; };
		4D960F101509D0F100E7D730 /* UIKit.framework */ = {isa = PBXFileReference; lastKnownFileType = wrapper.framework; name = UIKit.framework; path = System/Library/Frameworks/UIKit.framework; sourceTree = SDKROOT; };
		4D960F121509D0F100E7D730 /* Foundation.framework */ = {isa = PBXFileReference; lastKnownFileType = wrapper.framework; name = Foundation.framework; path = System/Library/Frameworks/Foundation.framework; sourceTree = SDKROOT; };
		4D960F141509D0F100E7D730 /* CoreGraphics.framework */ = {isa = PBXFileReference; lastKnownFileType = wrapper.framework; name = CoreGraphics.framework; path = System/Library/Frameworks/CoreGraphics.framework; sourceTree = SDKROOT; };
		4D960F181509D0F100E7D730 /* Multi-Nav(Rating)-2-Info.plist */ = {isa = PBXFileReference; lastKnownFileType = text.plist.xml; path = "Multi-Nav(Rating)-2-Info.plist"; sourceTree = "<group>"; };
		4D960F1A1509D0F100E7D730 /* en */ = {isa = PBXFileReference; lastKnownFileType = text.plist.strings; name = en; path = en.lproj/InfoPlist.strings; sourceTree = "<group>"; };
		4D960F1C1509D0F100E7D730 /* main.m */ = {isa = PBXFileReference; lastKnownFileType = sourcecode.c.objc; path = main.m; sourceTree = "<group>"; };
		4D960F1E1509D0F100E7D730 /* Multi-Nav(Rating)-2-Prefix.pch */ = {isa = PBXFileReference; lastKnownFileType = sourcecode.c.h; path = "Multi-Nav(Rating)-2-Prefix.pch"; sourceTree = "<group>"; };
		4D960F1F1509D0F100E7D730 /* AppDelegate.h */ = {isa = PBXFileReference; lastKnownFileType = sourcecode.c.h; path = AppDelegate.h; sourceTree = "<group>"; };
		4D960F201509D0F100E7D730 /* AppDelegate.m */ = {isa = PBXFileReference; lastKnownFileType = sourcecode.c.objc; path = AppDelegate.m; sourceTree = "<group>"; };
		4D960F231509D0F100E7D730 /* en */ = {isa = PBXFileReference; lastKnownFileType = file.storyboard; name = en; path = en.lproj/MainStoryboard.storyboard; sourceTree = "<group>"; };
		4D960F251509D0F100E7D730 /* ViewController.h */ = {isa = PBXFileReference; lastKnownFileType = sourcecode.c.h; path = ViewController.h; sourceTree = "<group>"; };
		4D960F261509D0F100E7D730 /* ViewController.m */ = {isa = PBXFileReference; lastKnownFileType = sourcecode.c.objc; path = ViewController.m; sourceTree = "<group>"; };
		4D960F301509D1A100E7D730 /* Player.h */ = {isa = PBXFileReference; fileEncoding = 4; lastKnownFileType = sourcecode.c.h; path = Player.h; sourceTree = "<group>"; };
		4D960F311509D1A100E7D730 /* Player.m */ = {isa = PBXFileReference; fileEncoding = 4; lastKnownFileType = sourcecode.c.objc; path = Player.m; sourceTree = "<group>"; };
		4D960F331509D1B200E7D730 /* PlayersViewController.h */ = {isa = PBXFileReference; fileEncoding = 4; lastKnownFileType = sourcecode.c.h; path = PlayersViewController.h; sourceTree = "<group>"; };
		4D960F341509D1B200E7D730 /* PlayersViewController.m */ = {isa = PBXFileReference; fileEncoding = 4; lastKnownFileType = sourcecode.c.objc; path = PlayersViewController.m; sourceTree = "<group>"; };
		4D960F361509DB4300E7D730 /* 131-tower.png */ = {isa = PBXFileReference; lastKnownFileType = image.png; path = "131-tower.png"; sourceTree = "<group>"; };
		4D960F371509DB4400E7D730 /* 132-ghost.png */ = {isa = PBXFileReference; lastKnownFileType = image.png; path = "132-ghost.png"; sourceTree = "<group>"; };
		4D960F381509DB4400E7D730 /* 133-ufo.png */ = {isa = PBXFileReference; lastKnownFileType = image.png; path = "133-ufo.png"; sourceTree = "<group>"; };
		4D960F391509DB4400E7D730 /* 134-viking.png */ = {isa = PBXFileReference; lastKnownFileType = image.png; path = "134-viking.png"; sourceTree = "<group>"; };
		4D960F3A1509DB4500E7D730 /* 135-hockeymask.png */ = {isa = PBXFileReference; lastKnownFileType = image.png; path = "135-hockeymask.png"; sourceTree = "<group>"; };
		4D960F3B1509DB4500E7D730 /* 5Stars.png */ = {isa = PBXFileReference; lastKnownFileType = image.png; path = 5Stars.png; sourceTree = "<group>"; };
		4D960F3C1509DB4500E7D730 /* 5Stars@2x.png */ = {isa = PBXFileReference; lastKnownFileType = image.png; path = "5Stars@2x.png"; sourceTree = "<group>"; };
		4D960F3D1509DB4500E7D730 /* 5StarsSmall.png */ = {isa = PBXFileReference; lastKnownFileType = image.png; path = 5StarsSmall.png; sourceTree = "<group>"; };
		4D960F3E1509DB4600E7D730 /* 5StarsSmall@2x.png */ = {isa = PBXFileReference; lastKnownFileType = image.png; path = "5StarsSmall@2x.png"; sourceTree = "<group>"; };
		4D960F3F1509DB4600E7D730 /* Gestures.png */ = {isa = PBXFileReference; lastKnownFileType = image.png; path = Gestures.png; sourceTree = "<group>"; };
		4D960F401509DB4600E7D730 /* Gestures@2x.png */ = {isa = PBXFileReference; lastKnownFileType = image.png; path = "Gestures@2x.png"; sourceTree = "<group>"; };
		4D960F411509DB4600E7D730 /* Players.png */ = {isa = PBXFileReference; lastKnownFileType = image.png; path = Players.png; sourceTree = "<group>"; };
		4D960F421509DB4700E7D730 /* Players@2x.png */ = {isa = PBXFileReference; lastKnownFileType = image.png; path = "Players@2x.png"; sourceTree = "<group>"; };
		4D960F431509DB4700E7D730 /* 1Star.png */ = {isa = PBXFileReference; lastKnownFileType = image.png; path = 1Star.png; sourceTree = "<group>"; };
		4D960F441509DB4700E7D730 /* 1Star@2x.png */ = {isa = PBXFileReference; lastKnownFileType = image.png; path = "1Star@2x.png"; sourceTree = "<group>"; };
		4D960F451509DB4900E7D730 /* 1StarSmall.png */ = {isa = PBXFileReference; lastKnownFileType = image.png; path = 1StarSmall.png; sourceTree = "<group>"; };
		4D960F461509DB4900E7D730 /* 1StarSmall@2x.png */ = {isa = PBXFileReference; lastKnownFileType = image.png; path = "1StarSmall@2x.png"; sourceTree = "<group>"; };
		4D960F471509DB4A00E7D730 /* 2Stars.png */ = {isa = PBXFileReference; lastKnownFileType = image.png; path = 2Stars.png; sourceTree = "<group>"; };
		4D960F481509DB4A00E7D730 /* 2Stars@2x.png */ = {isa = PBXFileReference; lastKnownFileType = image.png; path = "2Stars@2x.png"; sourceTree = "<group>"; };
		4D960F491509DB4B00E7D730 /* 2StarsSmall.png */ = {isa = PBXFileReference; lastKnownFileType = image.png; path = 2StarsSmall.png; sourceTree = "<group>"; };
		4D960F4A1509DB4B00E7D730 /* 2StarsSmall@2x.png */ = {isa = PBXFileReference; lastKnownFileType = image.png; path = "2StarsSmall@2x.png"; sourceTree = "<group>"; };
		4D960F4B1509DB4B00E7D730 /* 3Stars.png */ = {isa = PBXFileReference; lastKnownFileType = image.png; path = 3Stars.png; sourceTree = "<group>"; };
		4D960F4C1509DB4B00E7D730 /* 3Stars@2x.png */ = {isa = PBXFileReference; lastKnownFileType = image.png; path = "3Stars@2x.png"; sourceTree = "<group>"; };
		4D960F4D1509DB4B00E7D730 /* 3StarsSmall.png */ = {isa = PBXFileReference; lastKnownFileType = image.png; path = 3StarsSmall.png; sourceTree = "<group>"; };
		4D960F4E1509DB4B00E7D730 /* 3StarsSmall@2x.png */ = {isa = PBXFileReference; lastKnownFileType = image.png; path = "3StarsSmall@2x.png"; sourceTree = "<group>"; };
		4D960F4F1509DB4C00E7D730 /* 4Stars.png */ = {isa = PBXFileReference; lastKnownFileType = image.png; path = 4Stars.png; sourceTree = "<group>"; };
		4D960F501509DB4C00E7D730 /* 4Stars@2x.png */ = {isa = PBXFileReference; lastKnownFileType = image.png; path = "4Stars@2x.png"; sourceTree = "<group>"; };
		4D960F511509DB4C00E7D730 /* 4StarsSmall.png */ = {isa = PBXFileReference; lastKnownFileType = image.png; path = 4StarsSmall.png; sourceTree = "<group>"; };
		4D960F521509DB4C00E7D730 /* 4StarsSmall@2x.png */ = {isa = PBXFileReference; lastKnownFileType = image.png; path = "4StarsSmall@2x.png"; sourceTree = "<group>"; };
		4D960F7C1509E37900E7D730 /* PlayerCell.h */ = {isa = PBXFileReference; fileEncoding = 4; lastKnownFileType = sourcecode.c.h; path = PlayerCell.h; sourceTree = "<group>"; };
		4D960F7D1509E37900E7D730 /* PlayerCell.m */ = {isa = PBXFileReference; fileEncoding = 4; lastKnownFileType = sourcecode.c.objc; path = PlayerCell.m; sourceTree = "<group>"; };
		4DB5EC74150DDE4C0088DA9F /* GamePickerViewController.h */ = {isa = PBXFileReference; fileEncoding = 4; lastKnownFileType = sourcecode.c.h; path = GamePickerViewController.h; sourceTree = "<group>"; };
		4DB5EC75150DDE4C0088DA9F /* GamePickerViewController.m */ = {isa = PBXFileReference; fileEncoding = 4; lastKnownFileType = sourcecode.c.objc; path = GamePickerViewController.m; sourceTree = "<group>"; };
/* End PBXFileReference section */

/* Begin PBXFrameworksBuildPhase section */
		4D960F091509D0F100E7D730 /* Frameworks */ = {
			isa = PBXFrameworksBuildPhase;
			buildActionMask = 2147483647;
			files = (
				4D960F111509D0F100E7D730 /* UIKit.framework in Frameworks */,
				4D960F131509D0F100E7D730 /* Foundation.framework in Frameworks */,
				4D960F151509D0F100E7D730 /* CoreGraphics.framework in Frameworks */,
			);
			runOnlyForDeploymentPostprocessing = 0;
		};
/* End PBXFrameworksBuildPhase section */

/* Begin PBXGroup section */
		4D960F011509D0F100E7D730 = {
			isa = PBXGroup;
			children = (
				4D960F161509D0F100E7D730 /* Multi-Nav(Rating)-2 */,
				4D960F0F1509D0F100E7D730 /* Frameworks */,
				4D960F0D1509D0F100E7D730 /* Products */,
			);
			sourceTree = "<group>";
		};
		4D960F0D1509D0F100E7D730 /* Products */ = {
			isa = PBXGroup;
			children = (
				4D960F0C1509D0F100E7D730 /* Multi-Nav(Rating)-2.app */,
			);
			name = Products;
			sourceTree = "<group>";
		};
		4D960F0F1509D0F100E7D730 /* Frameworks */ = {
			isa = PBXGroup;
			children = (
				4D960F101509D0F100E7D730 /* UIKit.framework */,
				4D960F121509D0F100E7D730 /* Foundation.framework */,
				4D960F141509D0F100E7D730 /* CoreGraphics.framework */,
			);
			name = Frameworks;
			sourceTree = "<group>";
		};
		4D960F161509D0F100E7D730 /* Multi-Nav(Rating)-2 */ = {
			isa = PBXGroup;
			children = (
				4D960F701509DB5A00E7D730 /* Images */,
				4D960F1F1509D0F100E7D730 /* AppDelegate.h */,
				4D960F201509D0F100E7D730 /* AppDelegate.m */,
				4D960F221509D0F100E7D730 /* MainStoryboard.storyboard */,
				4D960F251509D0F100E7D730 /* ViewController.h */,
				4D960F261509D0F100E7D730 /* ViewController.m */,
				4D960F331509D1B200E7D730 /* PlayersViewController.h */,
				4D960F341509D1B200E7D730 /* PlayersViewController.m */,
				4D960F301509D1A100E7D730 /* Player.h */,
				4D960F311509D1A100E7D730 /* Player.m */,
				4D960F171509D0F100E7D730 /* Supporting Files */,
				4D960F7C1509E37900E7D730 /* PlayerCell.h */,
				4D960F7D1509E37900E7D730 /* PlayerCell.m */,
				4D4C16D81509FB8000853CC2 /* PlayerDetailsViewController.h */,
				4D4C16D91509FB8000853CC2 /* PlayerDetailsViewController.m */,
				4DB5EC74150DDE4C0088DA9F /* GamePickerViewController.h */,
				4DB5EC75150DDE4C0088DA9F /* GamePickerViewController.m */,
			);
			path = "Multi-Nav(Rating)-2";
			sourceTree = "<group>";
		};
		4D960F171509D0F100E7D730 /* Supporting Files */ = {
			isa = PBXGroup;
			children = (
				4D960F181509D0F100E7D730 /* Multi-Nav(Rating)-2-Info.plist */,
				4D960F191509D0F100E7D730 /* InfoPlist.strings */,
				4D960F1C1509D0F100E7D730 /* main.m */,
				4D960F1E1509D0F100E7D730 /* Multi-Nav(Rating)-2-Prefix.pch */,
			);
			name = "Supporting Files";
			sourceTree = "<group>";
		};
		4D960F701509DB5A00E7D730 /* Images */ = {
			isa = PBXGroup;
			children = (
				4D960F361509DB4300E7D730 /* 131-tower.png */,
				4D960F371509DB4400E7D730 /* 132-ghost.png */,
				4D960F381509DB4400E7D730 /* 133-ufo.png */,
				4D960F391509DB4400E7D730 /* 134-viking.png */,
				4D960F3A1509DB4500E7D730 /* 135-hockeymask.png */,
				4D960F3B1509DB4500E7D730 /* 5Stars.png */,
				4D960F3C1509DB4500E7D730 /* 5Stars@2x.png */,
				4D960F3D1509DB4500E7D730 /* 5StarsSmall.png */,
				4D960F3E1509DB4600E7D730 /* 5StarsSmall@2x.png */,
				4D960F3F1509DB4600E7D730 /* Gestures.png */,
				4D960F401509DB4600E7D730 /* Gestures@2x.png */,
				4D960F411509DB4600E7D730 /* Players.png */,
				4D960F421509DB4700E7D730 /* Players@2x.png */,
				4D960F431509DB4700E7D730 /* 1Star.png */,
				4D960F441509DB4700E7D730 /* 1Star@2x.png */,
				4D960F451509DB4900E7D730 /* 1StarSmall.png */,
				4D960F461509DB4900E7D730 /* 1StarSmall@2x.png */,
				4D960F471509DB4A00E7D730 /* 2Stars.png */,
				4D960F481509DB4A00E7D730 /* 2Stars@2x.png */,
				4D960F491509DB4B00E7D730 /* 2StarsSmall.png */,
				4D960F4A1509DB4B00E7D730 /* 2StarsSmall@2x.png */,
				4D960F4B1509DB4B00E7D730 /* 3Stars.png */,
				4D960F4C1509DB4B00E7D730 /* 3Stars@2x.png */,
				4D960F4D1509DB4B00E7D730 /* 3StarsSmall.png */,
				4D960F4E1509DB4B00E7D730 /* 3StarsSmall@2x.png */,
				4D960F4F1509DB4C00E7D730 /* 4Stars.png */,
				4D960F501509DB4C00E7D730 /* 4Stars@2x.png */,
				4D960F511509DB4C00E7D730 /* 4StarsSmall.png */,
				4D960F521509DB4C00E7D730 /* 4StarsSmall@2x.png */,
			);
			name = Images;
			sourceTree = "<group>";
		};
/* End PBXGroup section */

/* Begin PBXNativeTarget section */
		4D960F0B1509D0F100E7D730 /* Multi-Nav(Rating)-2 */ = {
			isa = PBXNativeTarget;
			buildConfigurationList = 4D960F2A1509D0F100E7D730 /* Build configuration list for PBXNativeTarget "Multi-Nav(Rating)-2" */;
			buildPhases = (
				4D960F081509D0F100E7D730 /* Sources */,
				4D960F091509D0F100E7D730 /* Frameworks */,
				4D960F0A1509D0F100E7D730 /* Resources */,
			);
			buildRules = (
			);
			dependencies = (
			);
			name = "Multi-Nav(Rating)-2";
			productName = "Multi-Nav(Rating)-2";
			productReference = 4D960F0C1509D0F100E7D730 /* Multi-Nav(Rating)-2.app */;
			productType = "com.apple.product-type.application";
		};
/* End PBXNativeTarget section */

/* Begin PBXProject section */
		4D960F031509D0F100E7D730 /* Project object */ = {
			isa = PBXProject;
			attributes = {
				LastUpgradeCheck = 0420;
			};
			buildConfigurationList = 4D960F061509D0F100E7D730 /* Build configuration list for PBXProject "Multi-Nav(Rating)-2" */;
			compatibilityVersion = "Xcode 3.2";
			developmentRegion = English;
			hasScannedForEncodings = 0;
			knownRegions = (
				en,
			);
			mainGroup = 4D960F011509D0F100E7D730;
			productRefGroup = 4D960F0D1509D0F100E7D730 /* Products */;
			projectDirPath = "";
			projectRoot = "";
			targets = (
				4D960F0B1509D0F100E7D730 /* Multi-Nav(Rating)-2 */,
			);
		};
/* End PBXProject section */

/* Begin PBXResourcesBuildPhase section */
		4D960F0A1509D0F100E7D730 /* Resources */ = {
			isa = PBXResourcesBuildPhase;
			buildActionMask = 2147483647;
			files = (
				4D960F1B1509D0F100E7D730 /* InfoPlist.strings in Resources */,
				4D960F241509D0F100E7D730 /* MainStoryboard.storyboard in Resources */,
				4D960F531509DB4C00E7D730 /* 131-tower.png in Resources */,
				4D960F541509DB4C00E7D730 /* 132-ghost.png in Resources */,
				4D960F551509DB4C00E7D730 /* 133-ufo.png in Resources */,
				4D960F561509DB4C00E7D730 /* 134-viking.png in Resources */,
				4D960F571509DB4C00E7D730 /* 135-hockeymask.png in Resources */,
				4D960F581509DB4C00E7D730 /* 5Stars.png in Resources */,
				4D960F591509DB4C00E7D730 /* 5Stars@2x.png in Resources */,
				4D960F5A1509DB4C00E7D730 /* 5StarsSmall.png in Resources */,
				4D960F5B1509DB4C00E7D730 /* 5StarsSmall@2x.png in Resources */,
				4D960F5C1509DB4C00E7D730 /* Gestures.png in Resources */,
				4D960F5D1509DB4C00E7D730 /* Gestures@2x.png in Resources */,
				4D960F5E1509DB4C00E7D730 /* Players.png in Resources */,
				4D960F5F1509DB4C00E7D730 /* Players@2x.png in Resources */,
				4D960F601509DB4C00E7D730 /* 1Star.png in Resources */,
				4D960F611509DB4C00E7D730 /* 1Star@2x.png in Resources */,
				4D960F621509DB4C00E7D730 /* 1StarSmall.png in Resources */,
				4D960F631509DB4C00E7D730 /* 1StarSmall@2x.png in Resources */,
				4D960F641509DB4C00E7D730 /* 2Stars.png in Resources */,
				4D960F651509DB4C00E7D730 /* 2Stars@2x.png in Resources */,
				4D960F661509DB4C00E7D730 /* 2StarsSmall.png in Resources */,
				4D960F671509DB4C00E7D730 /* 2StarsSmall@2x.png in Resources */,
				4D960F681509DB4C00E7D730 /* 3Stars.png in Resources */,
				4D960F691509DB4C00E7D730 /* 3Stars@2x.png in Resources */,
				4D960F6A1509DB4C00E7D730 /* 3StarsSmall.png in Resources */,
				4D960F6B1509DB4C00E7D730 /* 3StarsSmall@2x.png in Resources */,
				4D960F6C1509DB4C00E7D730 /* 4Stars.png in Resources */,
				4D960F6D1509DB4C00E7D730 /* 4Stars@2x.png in Resources */,
				4D960F6E1509DB4C00E7D730 /* 4StarsSmall.png in Resources */,
				4D960F6F1509DB4C00E7D730 /* 4StarsSmall@2x.png in Resources */,
			);
			runOnlyForDeploymentPostprocessing = 0;
		};
/* End PBXResourcesBuildPhase section */

/* Begin PBXSourcesBuildPhase section */
		4D960F081509D0F100E7D730 /* Sources */ = {
			isa = PBXSourcesBuildPhase;
			buildActionMask = 2147483647;
			files = (
				4D960F1D1509D0F100E7D730 /* main.m in Sources */,
				4D960F211509D0F100E7D730 /* AppDelegate.m in Sources */,
				4D960F271509D0F100E7D730 /* ViewController.m in Sources */,
				4D960F321509D1A100E7D730 /* Player.m in Sources */,
				4D960F351509D1B200E7D730 /* PlayersViewController.m in Sources */,
				4D960F7E1509E37900E7D730 /* PlayerCell.m in Sources */,
				4D4C16DA1509FB8000853CC2 /* PlayerDetailsViewController.m in Sources */,
				4DB5EC76150DDE4C0088DA9F /* GamePickerViewController.m in Sources */,
			);
			runOnlyForDeploymentPostprocessing = 0;
		};
/* End PBXSourcesBuildPhase section */

/* Begin PBXVariantGroup section */
		4D960F191509D0F100E7D730 /* InfoPlist.strings */ = {
			isa = PBXVariantGroup;
			children = (
				4D960F1A1509D0F100E7D730 /* en */,
			);
			name = InfoPlist.strings;
			sourceTree = "<group>";
		};
		4D960F221509D0F100E7D730 /* MainStoryboard.storyboard */ = {
			isa = PBXVariantGroup;
			children = (
				4D960F231509D0F100E7D730 /* en */,
			);
			name = MainStoryboard.storyboard;
			sourceTree = "<group>";
		};
/* End PBXVariantGroup section */

/* Begin XCBuildConfiguration section */
		4D960F281509D0F100E7D730 /* Debug */ = {
			isa = XCBuildConfiguration;
			buildSettings = {
				ALWAYS_SEARCH_USER_PATHS = NO;
				ARCHS = "$(ARCHS_STANDARD_32_BIT)";
				CLANG_ENABLE_OBJC_ARC = YES;
				"CODE_SIGN_IDENTITY[sdk=iphoneos*]" = "iPhone Developer";
				COPY_PHASE_STRIP = NO;
				GCC_C_LANGUAGE_STANDARD = gnu99;
				GCC_DYNAMIC_NO_PIC = NO;
				GCC_OPTIMIZATION_LEVEL = 0;
				GCC_PREPROCESSOR_DEFINITIONS = (
					"DEBUG=1",
					"$(inherited)",
				);
				GCC_SYMBOLS_PRIVATE_EXTERN = NO;
				GCC_VERSION = com.apple.compilers.llvm.clang.1_0;
				GCC_WARN_ABOUT_MISSING_PROTOTYPES = YES;
				GCC_WARN_ABOUT_RETURN_TYPE = YES;
				GCC_WARN_UNUSED_VARIABLE = YES;
				IPHONEOS_DEPLOYMENT_TARGET = 5.0;
				SDKROOT = iphoneos;
			};
			name = Debug;
		};
		4D960F291509D0F100E7D730 /* Release */ = {
			isa = XCBuildConfiguration;
			buildSettings = {
				ALWAYS_SEARCH_USER_PATHS = NO;
				ARCHS = "$(ARCHS_STANDARD_32_BIT)";
				CLANG_ENABLE_OBJC_ARC = YES;
				"CODE_SIGN_IDENTITY[sdk=iphoneos*]" = "iPhone Developer";
				COPY_PHASE_STRIP = YES;
				GCC_C_LANGUAGE_STANDARD = gnu99;
				GCC_VERSION = com.apple.compilers.llvm.clang.1_0;
				GCC_WARN_ABOUT_MISSING_PROTOTYPES = YES;
				GCC_WARN_ABOUT_RETURN_TYPE = YES;
				GCC_WARN_UNUSED_VARIABLE = YES;
				IPHONEOS_DEPLOYMENT_TARGET = 5.0;
				OTHER_CFLAGS = "-DNS_BLOCK_ASSERTIONS=1";
				SDKROOT = iphoneos;
				VALIDATE_PRODUCT = YES;
			};
			name = Release;
		};
		4D960F2B1509D0F100E7D730 /* Debug */ = {
			isa = XCBuildConfiguration;
			buildSettings = {
				GCC_PRECOMPILE_PREFIX_HEADER = YES;
				GCC_PREFIX_HEADER = "Multi-Nav(Rating)-2/Multi-Nav(Rating)-2-Prefix.pch";
				INFOPLIST_FILE = "Multi-Nav(Rating)-2/Multi-Nav(Rating)-2-Info.plist";
				PRODUCT_NAME = "$(TARGET_NAME)";
				WRAPPER_EXTENSION = app;
			};
			name = Debug;
		};
		4D960F2C1509D0F100E7D730 /* Release */ = {
			isa = XCBuildConfiguration;
			buildSettings = {
				GCC_PRECOMPILE_PREFIX_HEADER = YES;
				GCC_PREFIX_HEADER = "Multi-Nav(Rating)-2/Multi-Nav(Rating)-2-Prefix.pch";
				INFOPLIST_FILE = "Multi-Nav(Rating)-2/Multi-Nav(Rating)-2-Info.plist";
				PRODUCT_NAME = "$(TARGET_NAME)";
				WRAPPER_EXTENSION = app;
			};
			name = Release;
		};
/* End XCBuildConfiguration section */

/* Begin XCConfigurationList section */
		4D960F061509D0F100E7D730 /* Build configuration list for PBXProject "Multi-Nav(Rating)-2" */ = {
			isa = XCConfigurationList;
			buildConfigurations = (
				4D960F281509D0F100E7D730 /* Debug */,
				4D960F291509D0F100E7D730 /* Release */,
			);
			defaultConfigurationIsVisible = 0;
			defaultConfigurationName = Release;
		};
		4D960F2A1509D0F100E7D730 /* Build configuration list for PBXNativeTarget "Multi-Nav(Rating)-2" */ = {
			isa = XCConfigurationList;
			buildConfigurations = (
				4D960F2B1509D0F100E7D730 /* Debug */,
				4D960F2C1509D0F100E7D730 /* Release */,
			);
			defaultConfigurationIsVisible = 0;
			defaultConfigurationName = Release;
		};
/* End XCConfigurationList section */
	};
	rootObject = 4D960F031509D0F100E7D730 /* Project object */;
}
